# This file is automatically @generated by Poetry 2.1.1 and should not be changed by hand.

[[package]]
name = "black"
version = "23.3.0"
description = "The uncompromising code formatter."
optional = false
python-versions = ">=3.7"
groups = ["dev"]
files = [
    {file = "black-23.3.0-cp310-cp310-macosx_10_16_arm64.whl", hash = "sha256:0945e13506be58bf7db93ee5853243eb368ace1c08a24c65ce108986eac65915"},
    {file = "black-23.3.0-cp310-cp310-macosx_10_16_universal2.whl", hash = "sha256:67de8d0c209eb5b330cce2469503de11bca4085880d62f1628bd9972cc3366b9"},
    {file = "black-23.3.0-cp310-cp310-macosx_10_16_x86_64.whl", hash = "sha256:7c3eb7cea23904399866c55826b31c1f55bbcd3890ce22ff70466b907b6775c2"},
    {file = "black-23.3.0-cp310-cp310-manylinux_2_17_x86_64.manylinux2014_x86_64.whl", hash = "sha256:32daa9783106c28815d05b724238e30718f34155653d4d6e125dc7daec8e260c"},
    {file = "black-23.3.0-cp310-cp310-win_amd64.whl", hash = "sha256:35d1381d7a22cc5b2be2f72c7dfdae4072a3336060635718cc7e1ede24221d6c"},
    {file = "black-23.3.0-cp311-cp311-macosx_10_16_arm64.whl", hash = "sha256:a8a968125d0a6a404842fa1bf0b349a568634f856aa08ffaff40ae0dfa52e7c6"},
    {file = "black-23.3.0-cp311-cp311-macosx_10_16_universal2.whl", hash = "sha256:c7ab5790333c448903c4b721b59c0d80b11fe5e9803d8703e84dcb8da56fec1b"},
    {file = "black-23.3.0-cp311-cp311-macosx_10_16_x86_64.whl", hash = "sha256:a6f6886c9869d4daae2d1715ce34a19bbc4b95006d20ed785ca00fa03cba312d"},
    {file = "black-23.3.0-cp311-cp311-manylinux_2_17_x86_64.manylinux2014_x86_64.whl", hash = "sha256:6f3c333ea1dd6771b2d3777482429864f8e258899f6ff05826c3a4fcc5ce3f70"},
    {file = "black-23.3.0-cp311-cp311-win_amd64.whl", hash = "sha256:11c410f71b876f961d1de77b9699ad19f939094c3a677323f43d7a29855fe326"},
    {file = "black-23.3.0-cp37-cp37m-macosx_10_16_x86_64.whl", hash = "sha256:1d06691f1eb8de91cd1b322f21e3bfc9efe0c7ca1f0e1eb1db44ea367dff656b"},
    {file = "black-23.3.0-cp37-cp37m-manylinux_2_17_x86_64.manylinux2014_x86_64.whl", hash = "sha256:50cb33cac881766a5cd9913e10ff75b1e8eb71babf4c7104f2e9c52da1fb7de2"},
    {file = "black-23.3.0-cp37-cp37m-win_amd64.whl", hash = "sha256:e114420bf26b90d4b9daa597351337762b63039752bdf72bf361364c1aa05925"},
    {file = "black-23.3.0-cp38-cp38-macosx_10_16_arm64.whl", hash = "sha256:48f9d345675bb7fbc3dd85821b12487e1b9a75242028adad0333ce36ed2a6d27"},
    {file = "black-23.3.0-cp38-cp38-macosx_10_16_universal2.whl", hash = "sha256:714290490c18fb0126baa0fca0a54ee795f7502b44177e1ce7624ba1c00f2331"},
    {file = "black-23.3.0-cp38-cp38-macosx_10_16_x86_64.whl", hash = "sha256:064101748afa12ad2291c2b91c960be28b817c0c7eaa35bec09cc63aa56493c5"},
    {file = "black-23.3.0-cp38-cp38-manylinux_2_17_x86_64.manylinux2014_x86_64.whl", hash = "sha256:562bd3a70495facf56814293149e51aa1be9931567474993c7942ff7d3533961"},
    {file = "black-23.3.0-cp38-cp38-win_amd64.whl", hash = "sha256:e198cf27888ad6f4ff331ca1c48ffc038848ea9f031a3b40ba36aced7e22f2c8"},
    {file = "black-23.3.0-cp39-cp39-macosx_10_16_arm64.whl", hash = "sha256:3238f2aacf827d18d26db07524e44741233ae09a584273aa059066d644ca7b30"},
    {file = "black-23.3.0-cp39-cp39-macosx_10_16_universal2.whl", hash = "sha256:f0bd2f4a58d6666500542b26354978218a9babcdc972722f4bf90779524515f3"},
    {file = "black-23.3.0-cp39-cp39-macosx_10_16_x86_64.whl", hash = "sha256:92c543f6854c28a3c7f39f4d9b7694f9a6eb9d3c5e2ece488c327b6e7ea9b266"},
    {file = "black-23.3.0-cp39-cp39-manylinux_2_17_x86_64.manylinux2014_x86_64.whl", hash = "sha256:3a150542a204124ed00683f0db1f5cf1c2aaaa9cc3495b7a3b5976fb136090ab"},
    {file = "black-23.3.0-cp39-cp39-win_amd64.whl", hash = "sha256:6b39abdfb402002b8a7d030ccc85cf5afff64ee90fa4c5aebc531e3ad0175ddb"},
    {file = "black-23.3.0-py3-none-any.whl", hash = "sha256:ec751418022185b0c1bb7d7736e6933d40bbb14c14a0abcf9123d1b159f98dd4"},
    {file = "black-23.3.0.tar.gz", hash = "sha256:1c7b8d606e728a41ea1ccbd7264677e494e87cf630e399262ced92d4a8dac940"},
]

[package.dependencies]
click = ">=8.0.0"
mypy-extensions = ">=0.4.3"
packaging = ">=22.0"
pathspec = ">=0.9.0"
platformdirs = ">=2"
tomli = {version = ">=1.1.0", markers = "python_version < \"3.11\""}
typing-extensions = {version = ">=3.10.0.0", markers = "python_version < \"3.10\""}

[package.extras]
colorama = ["colorama (>=0.4.3)"]
d = ["aiohttp (>=3.7.4)"]
jupyter = ["ipython (>=7.8.0)", "tokenize-rt (>=3.2.0)"]
uvloop = ["uvloop (>=0.15.2)"]

[[package]]
name = "click"
version = "8.1.7"
description = "Composable command line interface toolkit"
optional = false
python-versions = ">=3.7"
groups = ["dev"]
files = [
    {file = "click-8.1.7-py3-none-any.whl", hash = "sha256:ae74fb96c20a0277a1d615f1e4d73c8414f5a98db8b799a7931d1582f3390c28"},
    {file = "click-8.1.7.tar.gz", hash = "sha256:ca9853ad459e787e2192211578cc907e7594e294c7ccc834310722b41b9ca6de"},
]

[package.dependencies]
colorama = {version = "*", markers = "platform_system == \"Windows\""}

[[package]]
name = "colorama"
version = "0.4.6"
description = "Cross-platform colored terminal text."
optional = false
python-versions = "!=3.0.*,!=3.1.*,!=3.2.*,!=3.3.*,!=3.4.*,!=3.5.*,!=3.6.*,>=2.7"
groups = ["dev"]
markers = "platform_system == \"Windows\" or sys_platform == \"win32\""
files = [
    {file = "colorama-0.4.6-py2.py3-none-any.whl", hash = "sha256:4f1d9991f5acc0ca119f9d443620b77f9d6b33703e51011c16baf57afb285fc6"},
    {file = "colorama-0.4.6.tar.gz", hash = "sha256:08695f5cb7ed6e0531a20572697297273c47b8cae5a63ffc6d6ed5c201be6e44"},
]

[[package]]
name = "coverage"
version = "7.10.5"
description = "Code coverage measurement for Python"
optional = false
python-versions = ">=3.9"
groups = ["dev"]
files = [
    {file = "coverage-7.10.5-cp310-cp310-macosx_10_9_x86_64.whl", hash = "sha256:c6a5c3414bfc7451b879141ce772c546985163cf553f08e0f135f0699a911801"},
    {file = "coverage-7.10.5-cp310-cp310-macosx_11_0_arm64.whl", hash = "sha256:bc8e4d99ce82f1710cc3c125adc30fd1487d3cf6c2cd4994d78d68a47b16989a"},
    {file = "coverage-7.10.5-cp310-cp310-manylinux1_i686.manylinux_2_28_i686.manylinux_2_5_i686.whl", hash = "sha256:02252dc1216e512a9311f596b3169fad54abcb13827a8d76d5630c798a50a754"},
    {file = "coverage-7.10.5-cp310-cp310-manylinux1_x86_64.manylinux_2_28_x86_64.manylinux_2_5_x86_64.whl", hash = "sha256:73269df37883e02d460bee0cc16be90509faea1e3bd105d77360b512d5bb9c33"},
    {file = "coverage-7.10.5-cp310-cp310-manylinux2014_aarch64.manylinux_2_17_aarch64.manylinux_2_28_aarch64.whl", hash = "sha256:1f8a81b0614642f91c9effd53eec284f965577591f51f547a1cbeb32035b4c2f"},
    {file = "coverage-7.10.5-cp310-cp310-musllinux_1_2_aarch64.whl", hash = "sha256:6a29f8e0adb7f8c2b95fa2d4566a1d6e6722e0a637634c6563cb1ab844427dd9"},
    {file = "coverage-7.10.5-cp310-cp310-musllinux_1_2_i686.whl", hash = "sha256:fcf6ab569436b4a647d4e91accba12509ad9f2554bc93d3aee23cc596e7f99c3"},
    {file = "coverage-7.10.5-cp310-cp310-musllinux_1_2_x86_64.whl", hash = "sha256:90dc3d6fb222b194a5de60af8d190bedeeddcbc7add317e4a3cd333ee6b7c879"},
    {file = "coverage-7.10.5-cp310-cp310-win32.whl", hash = "sha256:414a568cd545f9dc75f0686a0049393de8098414b58ea071e03395505b73d7a8"},
    {file = "coverage-7.10.5-cp310-cp310-win_amd64.whl", hash = "sha256:e551f9d03347196271935fd3c0c165f0e8c049220280c1120de0084d65e9c7ff"},
    {file = "coverage-7.10.5-cp311-cp311-macosx_10_9_x86_64.whl", hash = "sha256:c177e6ffe2ebc7c410785307758ee21258aa8e8092b44d09a2da767834f075f2"},
    {file = "coverage-7.10.5-cp311-cp311-macosx_11_0_arm64.whl", hash = "sha256:14d6071c51ad0f703d6440827eaa46386169b5fdced42631d5a5ac419616046f"},
    {file = "coverage-7.10.5-cp311-cp311-manylinux1_i686.manylinux_2_28_i686.manylinux_2_5_i686.whl", hash = "sha256:61f78c7c3bc272a410c5ae3fde7792b4ffb4acc03d35a7df73ca8978826bb7ab"},
    {file = "coverage-7.10.5-cp311-cp311-manylinux1_x86_64.manylinux_2_28_x86_64.manylinux_2_5_x86_64.whl", hash = "sha256:f39071caa126f69d63f99b324fb08c7b1da2ec28cbb1fe7b5b1799926492f65c"},
    {file = "coverage-7.10.5-cp311-cp311-manylinux2014_aarch64.manylinux_2_17_aarch64.manylinux_2_28_aarch64.whl", hash = "sha256:343a023193f04d46edc46b2616cdbee68c94dd10208ecd3adc56fcc54ef2baa1"},
    {file = "coverage-7.10.5-cp311-cp311-musllinux_1_2_aarch64.whl", hash = "sha256:585ffe93ae5894d1ebdee69fc0b0d4b7c75d8007983692fb300ac98eed146f78"},
    {file = "coverage-7.10.5-cp311-cp311-musllinux_1_2_i686.whl", hash = "sha256:b0ef4e66f006ed181df29b59921bd8fc7ed7cd6a9289295cd8b2824b49b570df"},
    {file = "coverage-7.10.5-cp311-cp311-musllinux_1_2_x86_64.whl", hash = "sha256:eb7b0bbf7cc1d0453b843eca7b5fa017874735bef9bfdfa4121373d2cc885ed6"},
    {file = "coverage-7.10.5-cp311-cp311-win32.whl", hash = "sha256:1d043a8a06987cc0c98516e57c4d3fc2c1591364831e9deb59c9e1b4937e8caf"},
    {file = "coverage-7.10.5-cp311-cp311-win_amd64.whl", hash = "sha256:fefafcca09c3ac56372ef64a40f5fe17c5592fab906e0fdffd09543f3012ba50"},
    {file = "coverage-7.10.5-cp311-cp311-win_arm64.whl", hash = "sha256:7e78b767da8b5fc5b2faa69bb001edafcd6f3995b42a331c53ef9572c55ceb82"},
    {file = "coverage-7.10.5-cp312-cp312-macosx_10_13_x86_64.whl", hash = "sha256:c2d05c7e73c60a4cecc7d9b60dbfd603b4ebc0adafaef371445b47d0f805c8a9"},
    {file = "coverage-7.10.5-cp312-cp312-macosx_11_0_arm64.whl", hash = "sha256:32ddaa3b2c509778ed5373b177eb2bf5662405493baeff52278a0b4f9415188b"},
    {file = "coverage-7.10.5-cp312-cp312-manylinux1_i686.manylinux_2_28_i686.manylinux_2_5_i686.whl", hash = "sha256:dd382410039fe062097aa0292ab6335a3f1e7af7bba2ef8d27dcda484918f20c"},
    {file = "coverage-7.10.5-cp312-cp312-manylinux1_x86_64.manylinux_2_28_x86_64.manylinux_2_5_x86_64.whl", hash = "sha256:7fa22800f3908df31cea6fb230f20ac49e343515d968cc3a42b30d5c3ebf9b5a"},
    {file = "coverage-7.10.5-cp312-cp312-manylinux2014_aarch64.manylinux_2_17_aarch64.manylinux_2_28_aarch64.whl", hash = "sha256:f366a57ac81f5e12797136552f5b7502fa053c861a009b91b80ed51f2ce651c6"},
    {file = "coverage-7.10.5-cp312-cp312-musllinux_1_2_aarch64.whl", hash = "sha256:5f1dc8f1980a272ad4a6c84cba7981792344dad33bf5869361576b7aef42733a"},
    {file = "coverage-7.10.5-cp312-cp312-musllinux_1_2_i686.whl", hash = "sha256:2285c04ee8676f7938b02b4936d9b9b672064daab3187c20f73a55f3d70e6b4a"},
    {file = "coverage-7.10.5-cp312-cp312-musllinux_1_2_x86_64.whl", hash = "sha256:c2492e4dd9daab63f5f56286f8a04c51323d237631eb98505d87e4c4ff19ec34"},
    {file = "coverage-7.10.5-cp312-cp312-win32.whl", hash = "sha256:38a9109c4ee8135d5df5505384fc2f20287a47ccbe0b3f04c53c9a1989c2bbaf"},
    {file = "coverage-7.10.5-cp312-cp312-win_amd64.whl", hash = "sha256:6b87f1ad60b30bc3c43c66afa7db6b22a3109902e28c5094957626a0143a001f"},
    {file = "coverage-7.10.5-cp312-cp312-win_arm64.whl", hash = "sha256:672a6c1da5aea6c629819a0e1461e89d244f78d7b60c424ecf4f1f2556c041d8"},
    {file = "coverage-7.10.5-cp313-cp313-macosx_10_13_x86_64.whl", hash = "sha256:ef3b83594d933020f54cf65ea1f4405d1f4e41a009c46df629dd964fcb6e907c"},
    {file = "coverage-7.10.5-cp313-cp313-macosx_11_0_arm64.whl", hash = "sha256:2b96bfdf7c0ea9faebce088a3ecb2382819da4fbc05c7b80040dbc428df6af44"},
    {file = "coverage-7.10.5-cp313-cp313-manylinux1_i686.manylinux_2_28_i686.manylinux_2_5_i686.whl", hash = "sha256:63df1fdaffa42d914d5c4d293e838937638bf75c794cf20bee12978fc8c4e3bc"},
    {file = "coverage-7.10.5-cp313-cp313-manylinux1_x86_64.manylinux_2_28_x86_64.manylinux_2_5_x86_64.whl", hash = "sha256:8002dc6a049aac0e81ecec97abfb08c01ef0c1fbf962d0c98da3950ace89b869"},
    {file = "coverage-7.10.5-cp313-cp313-manylinux2014_aarch64.manylinux_2_17_aarch64.manylinux_2_28_aarch64.whl", hash = "sha256:63d4bb2966d6f5f705a6b0c6784c8969c468dbc4bcf9d9ded8bff1c7e092451f"},
    {file = "coverage-7.10.5-cp313-cp313-musllinux_1_2_aarch64.whl", hash = "sha256:1f672efc0731a6846b157389b6e6d5d5e9e59d1d1a23a5c66a99fd58339914d5"},
    {file = "coverage-7.10.5-cp313-cp313-musllinux_1_2_i686.whl", hash = "sha256:3f39cef43d08049e8afc1fde4a5da8510fc6be843f8dea350ee46e2a26b2f54c"},
    {file = "coverage-7.10.5-cp313-cp313-musllinux_1_2_x86_64.whl", hash = "sha256:2968647e3ed5a6c019a419264386b013979ff1fb67dd11f5c9886c43d6a31fc2"},
    {file = "coverage-7.10.5-cp313-cp313-win32.whl", hash = "sha256:0d511dda38595b2b6934c2b730a1fd57a3635c6aa2a04cb74714cdfdd53846f4"},
    {file = "coverage-7.10.5-cp313-cp313-win_amd64.whl", hash = "sha256:9a86281794a393513cf117177fd39c796b3f8e3759bb2764259a2abba5cce54b"},
    {file = "coverage-7.10.5-cp313-cp313-win_arm64.whl", hash = "sha256:cebd8e906eb98bb09c10d1feed16096700b1198d482267f8bf0474e63a7b8d84"},
    {file = "coverage-7.10.5-cp313-cp313t-macosx_10_13_x86_64.whl", hash = "sha256:0520dff502da5e09d0d20781df74d8189ab334a1e40d5bafe2efaa4158e2d9e7"},
    {file = "coverage-7.10.5-cp313-cp313t-macosx_11_0_arm64.whl", hash = "sha256:d9cd64aca68f503ed3f1f18c7c9174cbb797baba02ca8ab5112f9d1c0328cd4b"},
    {file = "coverage-7.10.5-cp313-cp313t-manylinux1_i686.manylinux_2_28_i686.manylinux_2_5_i686.whl", hash = "sha256:0913dd1613a33b13c4f84aa6e3f4198c1a21ee28ccb4f674985c1f22109f0aae"},
    {file = "coverage-7.10.5-cp313-cp313t-manylinux1_x86_64.manylinux_2_28_x86_64.manylinux_2_5_x86_64.whl", hash = "sha256:1b7181c0feeb06ed8a02da02792f42f829a7b29990fef52eff257fef0885d760"},
    {file = "coverage-7.10.5-cp313-cp313t-manylinux2014_aarch64.manylinux_2_17_aarch64.manylinux_2_28_aarch64.whl", hash = "sha256:36d42b7396b605f774d4372dd9c49bed71cbabce4ae1ccd074d155709dd8f235"},
    {file = "coverage-7.10.5-cp313-cp313t-musllinux_1_2_aarch64.whl", hash = "sha256:b4fdc777e05c4940b297bf47bf7eedd56a39a61dc23ba798e4b830d585486ca5"},
    {file = "coverage-7.10.5-cp313-cp313t-musllinux_1_2_i686.whl", hash = "sha256:42144e8e346de44a6f1dbd0a56575dd8ab8dfa7e9007da02ea5b1c30ab33a7db"},
    {file = "coverage-7.10.5-cp313-cp313t-musllinux_1_2_x86_64.whl", hash = "sha256:66c644cbd7aed8fe266d5917e2c9f65458a51cfe5eeff9c05f15b335f697066e"},
    {file = "coverage-7.10.5-cp313-cp313t-win32.whl", hash = "sha256:2d1b73023854068c44b0c554578a4e1ef1b050ed07cf8b431549e624a29a66ee"},
    {file = "coverage-7.10.5-cp313-cp313t-win_amd64.whl", hash = "sha256:54a1532c8a642d8cc0bd5a9a51f5a9dcc440294fd06e9dda55e743c5ec1a8f14"},
    {file = "coverage-7.10.5-cp313-cp313t-win_arm64.whl", hash = "sha256:74d5b63fe3f5f5d372253a4ef92492c11a4305f3550631beaa432fc9df16fcff"},
    {file = "coverage-7.10.5-cp314-cp314-macosx_10_13_x86_64.whl", hash = "sha256:68c5e0bc5f44f68053369fa0d94459c84548a77660a5f2561c5e5f1e3bed7031"},
    {file = "coverage-7.10.5-cp314-cp314-macosx_11_0_arm64.whl", hash = "sha256:cf33134ffae93865e32e1e37df043bef15a5e857d8caebc0099d225c579b0fa3"},
    {file = "coverage-7.10.5-cp314-cp314-manylinux1_i686.manylinux_2_28_i686.manylinux_2_5_i686.whl", hash = "sha256:ad8fa9d5193bafcf668231294241302b5e683a0518bf1e33a9a0dfb142ec3031"},
    {file = "coverage-7.10.5-cp314-cp314-manylinux1_x86_64.manylinux_2_28_x86_64.manylinux_2_5_x86_64.whl", hash = "sha256:146fa1531973d38ab4b689bc764592fe6c2f913e7e80a39e7eeafd11f0ef6db2"},
    {file = "coverage-7.10.5-cp314-cp314-manylinux2014_aarch64.manylinux_2_17_aarch64.manylinux_2_28_aarch64.whl", hash = "sha256:6013a37b8a4854c478d3219ee8bc2392dea51602dd0803a12d6f6182a0061762"},
    {file = "coverage-7.10.5-cp314-cp314-musllinux_1_2_aarch64.whl", hash = "sha256:eb90fe20db9c3d930fa2ad7a308207ab5b86bf6a76f54ab6a40be4012d88fcae"},
    {file = "coverage-7.10.5-cp314-cp314-musllinux_1_2_i686.whl", hash = "sha256:384b34482272e960c438703cafe63316dfbea124ac62006a455c8410bf2a2262"},
    {file = "coverage-7.10.5-cp314-cp314-musllinux_1_2_x86_64.whl", hash = "sha256:467dc74bd0a1a7de2bedf8deaf6811f43602cb532bd34d81ffd6038d6d8abe99"},
    {file = "coverage-7.10.5-cp314-cp314-win32.whl", hash = "sha256:556d23d4e6393ca898b2e63a5bca91e9ac2d5fb13299ec286cd69a09a7187fde"},
    {file = "coverage-7.10.5-cp314-cp314-win_amd64.whl", hash = "sha256:f4446a9547681533c8fa3e3c6cf62121eeee616e6a92bd9201c6edd91beffe13"},
    {file = "coverage-7.10.5-cp314-cp314-win_arm64.whl", hash = "sha256:5e78bd9cf65da4c303bf663de0d73bf69f81e878bf72a94e9af67137c69b9fe9"},
    {file = "coverage-7.10.5-cp314-cp314t-macosx_10_13_x86_64.whl", hash = "sha256:5661bf987d91ec756a47c7e5df4fbcb949f39e32f9334ccd3f43233bbb65e508"},
    {file = "coverage-7.10.5-cp314-cp314t-macosx_11_0_arm64.whl", hash = "sha256:a46473129244db42a720439a26984f8c6f834762fc4573616c1f37f13994b357"},
    {file = "coverage-7.10.5-cp314-cp314t-manylinux1_i686.manylinux_2_28_i686.manylinux_2_5_i686.whl", hash = "sha256:1f64b8d3415d60f24b058b58d859e9512624bdfa57a2d1f8aff93c1ec45c429b"},
    {file = "coverage-7.10.5-cp314-cp314t-manylinux1_x86_64.manylinux_2_28_x86_64.manylinux_2_5_x86_64.whl", hash = "sha256:44d43de99a9d90b20e0163f9770542357f58860a26e24dc1d924643bd6aa7cb4"},
    {file = "coverage-7.10.5-cp314-cp314t-manylinux2014_aarch64.manylinux_2_17_aarch64.manylinux_2_28_aarch64.whl", hash = "sha256:a931a87e5ddb6b6404e65443b742cb1c14959622777f2a4efd81fba84f5d91ba"},
    {file = "coverage-7.10.5-cp314-cp314t-musllinux_1_2_aarch64.whl", hash = "sha256:f9559b906a100029274448f4c8b8b0a127daa4dade5661dfd821b8c188058842"},
    {file = "coverage-7.10.5-cp314-cp314t-musllinux_1_2_i686.whl", hash = "sha256:b08801e25e3b4526ef9ced1aa29344131a8f5213c60c03c18fe4c6170ffa2874"},
    {file = "coverage-7.10.5-cp314-cp314t-musllinux_1_2_x86_64.whl", hash = "sha256:ed9749bb8eda35f8b636fb7632f1c62f735a236a5d4edadd8bbcc5ea0542e732"},
    {file = "coverage-7.10.5-cp314-cp314t-win32.whl", hash = "sha256:609b60d123fc2cc63ccee6d17e4676699075db72d14ac3c107cc4976d516f2df"},
    {file = "coverage-7.10.5-cp314-cp314t-win_amd64.whl", hash = "sha256:0666cf3d2c1626b5a3463fd5b05f5e21f99e6aec40a3192eee4d07a15970b07f"},
    {file = "coverage-7.10.5-cp314-cp314t-win_arm64.whl", hash = "sha256:bc85eb2d35e760120540afddd3044a5bf69118a91a296a8b3940dfc4fdcfe1e2"},
    {file = "coverage-7.10.5-cp39-cp39-macosx_10_9_x86_64.whl", hash = "sha256:62835c1b00c4a4ace24c1a88561a5a59b612fbb83a525d1c70ff5720c97c0610"},
    {file = "coverage-7.10.5-cp39-cp39-macosx_11_0_arm64.whl", hash = "sha256:5255b3bbcc1d32a4069d6403820ac8e6dbcc1d68cb28a60a1ebf17e47028e898"},
    {file = "coverage-7.10.5-cp39-cp39-manylinux1_i686.manylinux_2_28_i686.manylinux_2_5_i686.whl", hash = "sha256:3876385722e335d6e991c430302c24251ef9c2a9701b2b390f5473199b1b8ebf"},
    {file = "coverage-7.10.5-cp39-cp39-manylinux1_x86_64.manylinux_2_28_x86_64.manylinux_2_5_x86_64.whl", hash = "sha256:8048ce4b149c93447a55d279078c8ae98b08a6951a3c4d2d7e87f4efc7bfe100"},
    {file = "coverage-7.10.5-cp39-cp39-manylinux2014_aarch64.manylinux_2_17_aarch64.manylinux_2_28_aarch64.whl", hash = "sha256:4028e7558e268dd8bcf4d9484aad393cafa654c24b4885f6f9474bf53183a82a"},
    {file = "coverage-7.10.5-cp39-cp39-musllinux_1_2_aarch64.whl", hash = "sha256:03f47dc870eec0367fcdd603ca6a01517d2504e83dc18dbfafae37faec66129a"},
    {file = "coverage-7.10.5-cp39-cp39-musllinux_1_2_i686.whl", hash = "sha256:2d488d7d42b6ded7ea0704884f89dcabd2619505457de8fc9a6011c62106f6e5"},
    {file = "coverage-7.10.5-cp39-cp39-musllinux_1_2_x86_64.whl", hash = "sha256:b3dcf2ead47fa8be14224ee817dfc1df98043af568fe120a22f81c0eb3c34ad2"},
    {file = "coverage-7.10.5-cp39-cp39-win32.whl", hash = "sha256:02650a11324b80057b8c9c29487020073d5e98a498f1857f37e3f9b6ea1b2426"},
    {file = "coverage-7.10.5-cp39-cp39-win_amd64.whl", hash = "sha256:b45264dd450a10f9e03237b41a9a24e85cbb1e278e5a32adb1a303f58f0017f3"},
    {file = "coverage-7.10.5-py3-none-any.whl", hash = "sha256:0be24d35e4db1d23d0db5c0f6a74a962e2ec83c426b5cac09f4234aadef38e4a"},
    {file = "coverage-7.10.5.tar.gz", hash = "sha256:f2e57716a78bc3ae80b2207be0709a3b2b63b9f2dcf9740ee6ac03588a2015b6"},
]

[package.dependencies]
tomli = {version = "*", optional = true, markers = "python_full_version <= \"3.11.0a6\" and extra == \"toml\""}

[package.extras]
toml = ["tomli ; python_full_version <= \"3.11.0a6\""]

[[package]]
name = "exceptiongroup"
version = "1.2.0"
description = "Backport of PEP 654 (exception groups)"
optional = false
python-versions = ">=3.7"
groups = ["dev"]
markers = "python_version < \"3.11\""
files = [
    {file = "exceptiongroup-1.2.0-py3-none-any.whl", hash = "sha256:4bfd3996ac73b41e9b9628b04e079f193850720ea5945fc96a08633c66912f14"},
    {file = "exceptiongroup-1.2.0.tar.gz", hash = "sha256:91f5c769735f051a4290d52edd0858999b57e5876e9f85937691bd4c9fa3ed68"},
]

[package.extras]
test = ["pytest (>=6)"]

[[package]]
name = "flake8"
version = "5.0.4"
description = "the modular source code checker: pep8 pyflakes and co"
optional = false
python-versions = ">=3.6.1"
groups = ["dev"]
files = [
    {file = "flake8-5.0.4-py2.py3-none-any.whl", hash = "sha256:7a1cf6b73744f5806ab95e526f6f0d8c01c66d7bbe349562d22dfca20610b248"},
    {file = "flake8-5.0.4.tar.gz", hash = "sha256:6fbe320aad8d6b95cec8b8e47bc933004678dc63095be98528b7bdd2a9f510db"},
]

[package.dependencies]
mccabe = ">=0.7.0,<0.8.0"
pycodestyle = ">=2.9.0,<2.10.0"
pyflakes = ">=2.5.0,<2.6.0"

[[package]]
name = "flake8-pyproject"
version = "1.2.3"
description = "Flake8 plug-in loading the configuration from pyproject.toml"
optional = false
python-versions = ">= 3.6"
groups = ["dev"]
files = [
    {file = "flake8_pyproject-1.2.3-py3-none-any.whl", hash = "sha256:6249fe53545205af5e76837644dc80b4c10037e73a0e5db87ff562d75fb5bd4a"},
]

[package.dependencies]
Flake8 = ">=5"
TOMLi = {version = "*", markers = "python_version < \"3.11\""}

[package.extras]
dev = ["pyTest", "pyTest-cov"]

[[package]]
name = "iniconfig"
version = "2.0.0"
description = "brain-dead simple config-ini parsing"
optional = false
python-versions = ">=3.7"
groups = ["dev"]
files = [
    {file = "iniconfig-2.0.0-py3-none-any.whl", hash = "sha256:b6a85871a79d2e3b22d2d1b94ac2824226a63c6b741c88f7ae975f18b6778374"},
    {file = "iniconfig-2.0.0.tar.gz", hash = "sha256:2d91e135bf72d31a410b17c16da610a82cb55f6b0477d1a902134b24a455b8b3"},
]

[[package]]
name = "mccabe"
version = "0.7.0"
description = "McCabe checker, plugin for flake8"
optional = false
python-versions = ">=3.6"
groups = ["dev"]
files = [
    {file = "mccabe-0.7.0-py2.py3-none-any.whl", hash = "sha256:6c2d30ab6be0e4a46919781807b4f0d834ebdd6c6e3dca0bda5a15f863427b6e"},
    {file = "mccabe-0.7.0.tar.gz", hash = "sha256:348e0240c33b60bbdf4e523192ef919f28cb2c3d7d5c7794f74009290f236325"},
]

[[package]]
name = "mypy-extensions"
version = "1.0.0"
description = "Type system extensions for programs checked with the mypy type checker."
optional = false
python-versions = ">=3.5"
groups = ["dev"]
files = [
    {file = "mypy_extensions-1.0.0-py3-none-any.whl", hash = "sha256:4392f6c0eb8a5668a69e23d168ffa70f0be9ccfd32b5cc2d26a34ae5b844552d"},
    {file = "mypy_extensions-1.0.0.tar.gz", hash = "sha256:75dbf8955dc00442a438fc4d0666508a9a97b6bd41aa2f0ffe9d2f2725af0782"},
]

[[package]]
name = "packaging"
version = "23.2"
description = "Core utilities for Python packages"
optional = false
python-versions = ">=3.7"
groups = ["dev"]
files = [
    {file = "packaging-23.2-py3-none-any.whl", hash = "sha256:8c491190033a9af7e1d931d0b5dacc2ef47509b34dd0de67ed209b5203fc88c7"},
    {file = "packaging-23.2.tar.gz", hash = "sha256:048fb0e9405036518eaaf48a55953c750c11e1a1b68e0dd1a9d62ed0c092cfc5"},
]

[[package]]
name = "pathspec"
version = "0.11.2"
description = "Utility library for gitignore style pattern matching of file paths."
optional = false
python-versions = ">=3.7"
groups = ["dev"]
files = [
    {file = "pathspec-0.11.2-py3-none-any.whl", hash = "sha256:1d6ed233af05e679efb96b1851550ea95bbb64b7c490b0f5aa52996c11e92a20"},
    {file = "pathspec-0.11.2.tar.gz", hash = "sha256:e0d8d0ac2f12da61956eb2306b69f9469b42f4deb0f3cb6ed47b9cce9996ced3"},
]

[[package]]
name = "platformdirs"
version = "4.0.0"
description = "A small Python package for determining appropriate platform-specific dirs, e.g. a \"user data dir\"."
optional = false
python-versions = ">=3.7"
groups = ["dev"]
files = [
    {file = "platformdirs-4.0.0-py3-none-any.whl", hash = "sha256:118c954d7e949b35437270383a3f2531e99dd93cf7ce4dc8340d3356d30f173b"},
    {file = "platformdirs-4.0.0.tar.gz", hash = "sha256:cb633b2bcf10c51af60beb0ab06d2f1d69064b43abf4c185ca6b28865f3f9731"},
]

[package.extras]
docs = ["furo (>=2023.7.26)", "proselint (>=0.13)", "sphinx (>=7.1.1)", "sphinx-autodoc-typehints (>=1.24)"]
test = ["appdirs (==1.4.4)", "covdefaults (>=2.3)", "pytest (>=7.4)", "pytest-cov (>=4.1)", "pytest-mock (>=3.11.1)"]

[[package]]
name = "pluggy"
version = "1.2.0"
description = "plugin and hook calling mechanisms for python"
optional = false
python-versions = ">=3.7"
groups = ["dev"]
files = [
    {file = "pluggy-1.2.0-py3-none-any.whl", hash = "sha256:c2fd55a7d7a3863cba1a013e4e2414658b1d07b6bc57b3919e0c63c9abb99849"},
    {file = "pluggy-1.2.0.tar.gz", hash = "sha256:d12f0c4b579b15f5e054301bb226ee85eeeba08ffec228092f8defbaa3a4c4b3"},
]

[package.extras]
dev = ["pre-commit", "tox"]
testing = ["pytest", "pytest-benchmark"]

[[package]]
name = "py4j"
version = "0.10.9.5"
description = "Enables Python programs to dynamically access arbitrary Java objects"
optional = false
python-versions = "*"
groups = ["main"]
files = [
    {file = "py4j-0.10.9.5-py2.py3-none-any.whl", hash = "sha256:52d171a6a2b031d8a5d1de6efe451cf4f5baff1a2819aabc3741c8406539ba04"},
    {file = "py4j-0.10.9.5.tar.gz", hash = "sha256:276a4a3c5a2154df1860ef3303a927460e02e97b047dc0a47c1c3fb8cce34db6"},
]

[[package]]
name = "pycodestyle"
version = "2.9.1"
description = "Python style guide checker"
optional = false
python-versions = ">=3.6"
groups = ["dev"]
files = [
    {file = "pycodestyle-2.9.1-py2.py3-none-any.whl", hash = "sha256:d1735fc58b418fd7c5f658d28d943854f8a849b01a5d0a1e6f3f3fdd0166804b"},
    {file = "pycodestyle-2.9.1.tar.gz", hash = "sha256:2c9607871d58c76354b697b42f5d57e1ada7d261c261efac224b664affdc5785"},
]

[[package]]
name = "pyflakes"
version = "2.5.0"
description = "passive checker of Python programs"
optional = false
python-versions = ">=3.6"
groups = ["dev"]
files = [
    {file = "pyflakes-2.5.0-py2.py3-none-any.whl", hash = "sha256:4579f67d887f804e67edb544428f264b7b24f435b263c4614f384135cea553d2"},
    {file = "pyflakes-2.5.0.tar.gz", hash = "sha256:491feb020dca48ccc562a8c0cbe8df07ee13078df59813b83959cbdada312ea3"},
]

[[package]]
name = "pyspark"
version = "3.3.3"
description = "Apache Spark Python API"
optional = false
python-versions = ">=3.7"
groups = ["main"]
files = [
    {file = "pyspark-3.3.3.tar.gz", hash = "sha256:384d2ad7090cd1db5b2d2ac497bda409d86ab3a27272833e1a27efadf45e4d2f"},
]

[package.dependencies]
py4j = "0.10.9.5"

[package.extras]
ml = ["numpy (>=1.15)"]
mllib = ["numpy (>=1.15)"]
pandas-on-spark = ["numpy (>=1.15)", "pandas (>=1.0.5)", "pyarrow (>=1.0.0)"]
sql = ["pandas (>=1.0.5)", "pyarrow (>=1.0.0)"]

[[package]]
name = "pytest"
version = "7.4.4"
description = "pytest: simple powerful testing with Python"
optional = false
python-versions = ">=3.7"
groups = ["dev"]
files = [
    {file = "pytest-7.4.4-py3-none-any.whl", hash = "sha256:b090cdf5ed60bf4c45261be03239c2c1c22df034fbffe691abe93cd80cea01d8"},
    {file = "pytest-7.4.4.tar.gz", hash = "sha256:2cf0005922c6ace4a3e2ec8b4080eb0d9753fdc93107415332f50ce9e7994280"},
]

[package.dependencies]
colorama = {version = "*", markers = "sys_platform == \"win32\""}
exceptiongroup = {version = ">=1.0.0rc8", markers = "python_version < \"3.11\""}
iniconfig = "*"
packaging = "*"
pluggy = ">=0.12,<2.0"
tomli = {version = ">=1.0.0", markers = "python_version < \"3.11\""}

[package.extras]
testing = ["argcomplete", "attrs (>=19.2.0)", "hypothesis (>=3.56)", "mock", "nose", "pygments (>=2.7.2)", "requests", "setuptools", "xmlschema"]

[[package]]
name = "pytest-cov"
version = "4.1.0"
description = "Pytest plugin for measuring coverage."
optional = false
python-versions = ">=3.7"
groups = ["dev"]
files = [
    {file = "pytest-cov-4.1.0.tar.gz", hash = "sha256:3904b13dfbfec47f003b8e77fd5b589cd11904a21ddf1ab38a64f204d6a10ef6"},
    {file = "pytest_cov-4.1.0-py3-none-any.whl", hash = "sha256:6ba70b9e97e69fcc3fb45bfeab2d0a138fb65c4d0d6a41ef33983ad114be8c3a"},
]

[package.dependencies]
coverage = {version = ">=5.2.1", extras = ["toml"]}
pytest = ">=4.6"

[package.extras]
testing = ["fields", "hunter", "process-tests", "pytest-xdist", "six", "virtualenv"]

[[package]]
name = "pytest-dependency"
version = "0.6.0"
description = "Manage dependencies of tests"
optional = false
python-versions = ">=3.4"
groups = ["dev"]
files = [
    {file = "pytest-dependency-0.6.0.tar.gz", hash = "sha256:934b0e6a39d95995062c193f7eaeed8a8ffa06ff1bcef4b62b0dc74a708bacc1"},
]

[package.dependencies]
pytest = ">=3.7.0"
setuptools = "*"

[[package]]
name = "pytest-tap"
version = "3.4"
description = "Test Anything Protocol (TAP) reporting plugin for pytest"
optional = false
python-versions = "*"
groups = ["dev"]
files = [
    {file = "pytest-tap-3.4.tar.gz", hash = "sha256:a7c2a4a3e8b4bf18522e46d74208f8579a191dd972c59182104ad9a4967318fb"},
    {file = "pytest_tap-3.4-py3-none-any.whl", hash = "sha256:d97a2115c94415086f6faec395d243b3c18ea846ce1c1653a4b2588082be35d8"},
]

[package.dependencies]
pytest = ">=3.0"
"tap.py" = ">=3.0,<4.0"

[[package]]
name = "setuptools"
version = "68.0.0"
description = "Easily download, build, install, upgrade, and uninstall Python packages"
optional = false
python-versions = ">=3.7"
groups = ["dev"]
files = [
    {file = "setuptools-68.0.0-py3-none-any.whl", hash = "sha256:11e52c67415a381d10d6b462ced9cfb97066179f0e871399e006c4ab101fc85f"},
    {file = "setuptools-68.0.0.tar.gz", hash = "sha256:baf1fdb41c6da4cd2eae722e135500da913332ab3f2f5c7d33af9b492acb5235"},
]

[package.extras]
docs = ["furo", "jaraco.packaging (>=9)", "jaraco.tidelift (>=1.4)", "pygments-github-lexers (==0.0.5)", "rst.linker (>=1.9)", "sphinx (>=3.5)", "sphinx-favicon", "sphinx-hoverxref (<2)", "sphinx-inline-tabs", "sphinx-lint", "sphinx-notfound-page (==0.8.3)", "sphinx-reredirects", "sphinxcontrib-towncrier"]
testing = ["build[virtualenv]", "filelock (>=3.4.0)", "flake8-2020", "ini2toml[lite] (>=0.9)", "jaraco.envs (>=2.2)", "jaraco.path (>=3.2.0)", "pip (>=19.1)", "pip-run (>=8.8)", "pytest (>=6)", "pytest-black (>=0.3.7) ; platform_python_implementation != \"PyPy\"", "pytest-checkdocs (>=2.4)", "pytest-cov ; platform_python_implementation != \"PyPy\"", "pytest-enabler (>=1.3)", "pytest-mypy (>=0.9.1) ; platform_python_implementation != \"PyPy\"", "pytest-perf", "pytest-ruff ; sys_platform != \"cygwin\"", "pytest-timeout", "pytest-xdist", "tomli-w (>=1.0.0)", "virtualenv (>=13.0.0)", "wheel"]
testing-integration = ["build[virtualenv]", "filelock (>=3.4.0)", "jaraco.envs (>=2.2)", "jaraco.path (>=3.2.0)", "pytest", "pytest-enabler", "pytest-xdist", "tomli", "virtualenv (>=13.0.0)", "wheel"]

[[package]]
name = "tap-py"
version = "3.1"
description = "Test Anything Protocol (TAP) tools"
optional = false
python-versions = "*"
groups = ["dev"]
files = [
    {file = "tap.py-3.1-py3-none-any.whl", hash = "sha256:928c852f3361707b796c93730cc5402c6378660b161114461066acf53d65bf5d"},
    {file = "tap.py-3.1.tar.gz", hash = "sha256:3c0cd45212ad5a25b35445964e2517efa000a118a1bfc3437dae828892eaf1e1"},
]

[package.extras]
yaml = ["PyYAML (>=5.1)", "more-itertools"]

[[package]]
name = "toml"
version = "0.10.2"
description = "Python Library for Tom's Obvious, Minimal Language"
optional = false
python-versions = ">=2.6, !=3.0.*, !=3.1.*, !=3.2.*"
groups = ["dev"]
files = [
    {file = "toml-0.10.2-py2.py3-none-any.whl", hash = "sha256:806143ae5bfb6a3c6e736a764057db0e6a0e05e338b5630894a5f779cabb4f9b"},
    {file = "toml-0.10.2.tar.gz", hash = "sha256:b3bda1d108d5dd99f4a20d24d9c348e91c4db7ab1b749200bded2f839ccbe68f"},
]

[[package]]
name = "tomli"
version = "2.0.1"
description = "A lil' TOML parser"
optional = false
python-versions = ">=3.7"
groups = ["dev"]
markers = "python_full_version <= \"3.11.0a6\""
files = [
    {file = "tomli-2.0.1-py3-none-any.whl", hash = "sha256:939de3e7a6161af0c887ef91b7d41a53e7c5a1ca976325f429cb46ea9bc30ecc"},
    {file = "tomli-2.0.1.tar.gz", hash = "sha256:de526c12914f0c550d15924c62d72abc48d6fe7364aa87328337a31007fe8a4f"},
]

[[package]]
name = "typing-extensions"
version = "4.7.1"
description = "Backported and Experimental Type Hints for Python 3.7+"
optional = false
python-versions = ">=3.7"
groups = ["dev"]
markers = "python_version < \"3.10\""
files = [
    {file = "typing_extensions-4.7.1-py3-none-any.whl", hash = "sha256:440d5dd3af93b060174bf433bccd69b0babc3b15b1a8dca43789fd7f61514b36"},
    {file = "typing_extensions-4.7.1.tar.gz", hash = "sha256:b75ddc264f0ba5615db7ba217daeb99701ad295353c45f9e95963337ceeeffb2"},
]

[metadata]
lock-version = "2.1"
python-versions = ">=3.9"
content-hash = "40b4d99abae4ca8255c561b30af3cb04ae1b49c5171447929067ffce4a846d92"
